// !$*UTF8*$!
{
	archiveVersion = 1;
	classes = {
	};
	objectVersion = 46;
	objects = {

/* Begin PBXBuildFile section */
		074CEECC6DF560D831432D83 /* OOFoundation.framework in Embed Frameworks */ = {isa = PBXBuildFile; fileRef = 24511D64ADDCCACF2C1C66B8 /* OOFoundation.framework */; settings = {ATTRIBUTES = (CodeSignOnCopy, ); }; };
		15A61150ADEB15AFDFA16552 /* ScreenLogin.swift in Sources */ = {isa = PBXBuildFile; fileRef = FFEA1F84602230D275F4CCCC /* ScreenLogin.swift */; };
		2685198D970DB47371B8BDF5 /* OOUIKit.framework in Embed Frameworks */ = {isa = PBXBuildFile; fileRef = FC19155FF3B74994BE2EC902 /* OOUIKit.framework */; settings = {ATTRIBUTES = (CodeSignOnCopy, ); }; };
		26EA4E70C128F1D62043E31B /* UIKit.framework in Frameworks */ = {isa = PBXBuildFile; fileRef = 785AB9F92CD51D844AFC7CA3 /* UIKit.framework */; };
		2715030310465F458D1F81CF /* ViewBorderedButton.swift in Sources */ = {isa = PBXBuildFile; fileRef = 6DA0E85732A2981059E6BC33 /* ViewBorderedButton.swift */; };
		2B1224496FE47DCB437977DF /* OOBase.framework in Frameworks */ = {isa = PBXBuildFile; fileRef = 7AEB167F46B3883DB4253146 /* OOBase.framework */; };
		4FF5959EDAA2FCAAA7292BE9 /* OOFoundation.framework in Frameworks */ = {isa = PBXBuildFile; fileRef = 24511D64ADDCCACF2C1C66B8 /* OOFoundation.framework */; };
		583DF7A54FE35B882C38B137 /* ScreenWelcome.swift in Sources */ = {isa = PBXBuildFile; fileRef = 903A55495A2C3BC89A1B5349 /* ScreenWelcome.swift */; };
		6B440467D4336A3E2354184F /* OOUIKit.framework in Frameworks */ = {isa = PBXBuildFile; fileRef = FC19155FF3B74994BE2EC902 /* OOUIKit.framework */; };
		76E1988F092A25B746316DD6 /* OOUIKit.framework in Frameworks */ = {isa = PBXBuildFile; fileRef = FC19155FF3B74994BE2EC902 /* OOUIKit.framework */; };
		7DC9FC0A8C3EAEB81248DD88 /* Assets.xcassets in Resources */ = {isa = PBXBuildFile; fileRef = AF1BD9FB4A815AFE547D90AE /* Assets.xcassets */; };
		8485F3C96643F3377C4B59CD /* OOBase.framework in Frameworks */ = {isa = PBXBuildFile; fileRef = 7AEB167F46B3883DB4253146 /* OOBase.framework */; };
		8B6794042437CD52307170CF /* OOUIKit.framework in Embed Frameworks */ = {isa = PBXBuildFile; fileRef = FC19155FF3B74994BE2EC902 /* OOUIKit.framework */; settings = {ATTRIBUTES = (CodeSignOnCopy, ); }; };
		8DC98DA1EA1D7EFC0E564356 /* Foundation.framework in Frameworks */ = {isa = PBXBuildFile; fileRef = C740E669DF5CCF7BA2AC4433 /* Foundation.framework */; };
		9AB1564A04AC3390FF5A4A39 /* Assets.xcassets in Resources */ = {isa = PBXBuildFile; fileRef = 2E9B7CD6563221BEECEA54DA /* Assets.xcassets */; };
		9F5F82EAF91CDDF11CD932E1 /* OOBase.framework in Embed Frameworks */ = {isa = PBXBuildFile; fileRef = 7AEB167F46B3883DB4253146 /* OOBase.framework */; settings = {ATTRIBUTES = (CodeSignOnCopy, ); }; };
		A0E26DDCC2720E5215B8EF58 /* LaunchScreen.storyboard in Resources */ = {isa = PBXBuildFile; fileRef = 7841817591A863D4AC7FFF22 /* LaunchScreen.storyboard */; };
		A6770228BB75481469470450 /* UIKit.framework in Frameworks */ = {isa = PBXBuildFile; fileRef = 785AB9F92CD51D844AFC7CA3 /* UIKit.framework */; };
		AF7DF808DA7749C73EC71249 /* Foundation.framework in Frameworks */ = {isa = PBXBuildFile; fileRef = C740E669DF5CCF7BA2AC4433 /* Foundation.framework */; };
		B0634E3F26211CC8F9E5C000 /* LaunchScreen.storyboard in Resources */ = {isa = PBXBuildFile; fileRef = D6C9DE7084EC8EB049BAF9AD /* LaunchScreen.storyboard */; };
		B5FF0F38EDAF18CAEB650AB3 /* OOFoundation.framework in Embed Frameworks */ = {isa = PBXBuildFile; fileRef = 24511D64ADDCCACF2C1C66B8 /* OOFoundation.framework */; settings = {ATTRIBUTES = (CodeSignOnCopy, ); }; };
		B6992DD727AF4979455F3E09 /* Application.swift in Sources */ = {isa = PBXBuildFile; fileRef = BCBFE759F5A5C3A56C463AF9 /* Application.swift */; };
		DA16100AE456F8C31C640932 /* AppDelegate.swift in Sources */ = {isa = PBXBuildFile; fileRef = D4C01235CCD5936A560D4314 /* AppDelegate.swift */; };
		E66363850CDE59455588F873 /* OOFoundation.framework in Frameworks */ = {isa = PBXBuildFile; fileRef = 24511D64ADDCCACF2C1C66B8 /* OOFoundation.framework */; };
		EBE9B89306991C74C27B983B /* OOBase.framework in Embed Frameworks */ = {isa = PBXBuildFile; fileRef = 7AEB167F46B3883DB4253146 /* OOBase.framework */; settings = {ATTRIBUTES = (CodeSignOnCopy, ); }; };
		F73F9529237330806E2D7120 /* ScreenFlow.swift in Sources */ = {isa = PBXBuildFile; fileRef = 0189ED7C99FCF2423FA149F0 /* ScreenFlow.swift */; };
		FED35B5444D41E141967A850 /* ViewBorderedArea.swift in Sources */ = {isa = PBXBuildFile; fileRef = A4B7577647073E1F143876EF /* ViewBorderedArea.swift */; };
/* End PBXBuildFile section */

/* Begin PBXCopyFilesBuildPhase section */
		20824A766029EFD8B25D1BC8 /* Embed Frameworks */ = {
			isa = PBXCopyFilesBuildPhase;
			buildActionMask = 2147483647;
			dstPath = "";
			dstSubfolderSpec = 10;
			files = (
				EBE9B89306991C74C27B983B /* OOBase.framework in Embed Frameworks */,
				074CEECC6DF560D831432D83 /* OOFoundation.framework in Embed Frameworks */,
				8B6794042437CD52307170CF /* OOUIKit.framework in Embed Frameworks */,
			);
			name = "Embed Frameworks";
			runOnlyForDeploymentPostprocessing = 0;
		};
		CFEAB3407ED145F4EE563B0C /* Embed Frameworks */ = {
			isa = PBXCopyFilesBuildPhase;
			buildActionMask = 2147483647;
			dstPath = "";
			dstSubfolderSpec = 10;
			files = (
				9F5F82EAF91CDDF11CD932E1 /* OOBase.framework in Embed Frameworks */,
				B5FF0F38EDAF18CAEB650AB3 /* OOFoundation.framework in Embed Frameworks */,
				2685198D970DB47371B8BDF5 /* OOUIKit.framework in Embed Frameworks */,
			);
			name = "Embed Frameworks";
			runOnlyForDeploymentPostprocessing = 0;
		};
/* End PBXCopyFilesBuildPhase section */

/* Begin PBXFileReference section */
		016EE0FDDFA6C53942B0D800 /* Release.xcconfig */ = {isa = PBXFileReference; includeInIndex = 1; lastKnownFileType = text.xcconfig; path = Release.xcconfig; sourceTree = "<group>"; };
		0189ED7C99FCF2423FA149F0 /* ScreenFlow.swift */ = {isa = PBXFileReference; includeInIndex = 1; lastKnownFileType = sourcecode.swift; path = ScreenFlow.swift; sourceTree = "<group>"; };
		140E10B8985E6E38EB37CE71 /* .gitignore */ = {isa = PBXFileReference; includeInIndex = 1; lastKnownFileType = text; path = .gitignore; sourceTree = "<group>"; };
		1F16FCB8789582A54BA6BAE7 /* Release.xcconfig */ = {isa = PBXFileReference; includeInIndex = 1; lastKnownFileType = text.xcconfig; path = Release.xcconfig; sourceTree = "<group>"; };
		24511D64ADDCCACF2C1C66B8 /* OOFoundation.framework */ = {isa = PBXFileReference; lastKnownFileType = wrapper.framework; path = OOFoundation.framework; sourceTree = "<group>"; };
		2A1327763D00EB311CD4FF05 /* Release.xcconfig */ = {isa = PBXFileReference; includeInIndex = 1; lastKnownFileType = text.xcconfig; path = Release.xcconfig; sourceTree = "<group>"; };
		2E9B7CD6563221BEECEA54DA /* Assets.xcassets */ = {isa = PBXFileReference; includeInIndex = 1; lastKnownFileType = folder.assetcatalog; path = Assets.xcassets; sourceTree = "<group>"; };
		30FA49199F854F9752EBF88D /* Info.plist */ = {isa = PBXFileReference; includeInIndex = 1; lastKnownFileType = text.plist.xml; path = Info.plist; sourceTree = "<group>"; };
		4FF72E66BD045BECE46568F1 /* ExampleLegoWorld.app */ = {isa = PBXFileReference; explicitFileType = wrapper.application; includeInIndex = 0; path = ExampleLegoWorld.app; sourceTree = BUILT_PRODUCTS_DIR; };
		6DA0E85732A2981059E6BC33 /* ViewBorderedButton.swift */ = {isa = PBXFileReference; includeInIndex = 1; lastKnownFileType = sourcecode.swift; path = ViewBorderedButton.swift; sourceTree = "<group>"; };
		7841817591A863D4AC7FFF22 /* LaunchScreen.storyboard */ = {isa = PBXFileReference; includeInIndex = 1; lastKnownFileType = file.storyboard; path = LaunchScreen.storyboard; sourceTree = "<group>"; };
		785AB9F92CD51D844AFC7CA3 /* UIKit.framework */ = {isa = PBXFileReference; lastKnownFileType = wrapper.framework; name = UIKit.framework; path = Platforms/iPhoneOS.platform/Developer/SDKs/iPhoneOS10.3.sdk/System/Library/Frameworks/UIKit.framework; sourceTree = DEVELOPER_DIR; };
		7AEB167F46B3883DB4253146 /* OOBase.framework */ = {isa = PBXFileReference; lastKnownFileType = wrapper.framework; path = OOBase.framework; sourceTree = "<group>"; };
		894FE0EA296C4E8BA867A9C2 /* Cartfile.resolved */ = {isa = PBXFileReference; includeInIndex = 1; lastKnownFileType = text; path = Cartfile.resolved; sourceTree = "<group>"; };
		903A55495A2C3BC89A1B5349 /* ScreenWelcome.swift */ = {isa = PBXFileReference; includeInIndex = 1; lastKnownFileType = sourcecode.swift; path = ScreenWelcome.swift; sourceTree = "<group>"; };
		9CFDDC3A7087C0D3748D032D /* Debug.xcconfig */ = {isa = PBXFileReference; includeInIndex = 1; lastKnownFileType = text.xcconfig; path = Debug.xcconfig; sourceTree = "<group>"; };
		A021FDE35A5D24DC5E4EC8F6 /* README.md */ = {isa = PBXFileReference; includeInIndex = 1; lastKnownFileType = net.daringfireball.markdown; path = README.md; sourceTree = "<group>"; };
		A4B7577647073E1F143876EF /* ViewBorderedArea.swift */ = {isa = PBXFileReference; includeInIndex = 1; lastKnownFileType = sourcecode.swift; path = ViewBorderedArea.swift; sourceTree = "<group>"; };
		A5045577FB22C45CAABB62FA /* Info.plist */ = {isa = PBXFileReference; includeInIndex = 1; lastKnownFileType = text.plist.xml; path = Info.plist; sourceTree = "<group>"; };
		AF1BD9FB4A815AFE547D90AE /* Assets.xcassets */ = {isa = PBXFileReference; includeInIndex = 1; lastKnownFileType = folder.assetcatalog; path = Assets.xcassets; sourceTree = "<group>"; };
		B04B23A98A77D5843DD89BC1 /* Makefile */ = {isa = PBXFileReference; includeInIndex = 1; lastKnownFileType = sourcecode.make; path = Makefile; sourceTree = "<group>"; };
		BCBFE759F5A5C3A56C463AF9 /* Application.swift */ = {isa = PBXFileReference; includeInIndex = 1; lastKnownFileType = sourcecode.swift; path = Application.swift; sourceTree = "<group>"; };
		C740E669DF5CCF7BA2AC4433 /* Foundation.framework */ = {isa = PBXFileReference; lastKnownFileType = wrapper.framework; name = Foundation.framework; path = Platforms/iPhoneOS.platform/Developer/SDKs/iPhoneOS10.3.sdk/System/Library/Frameworks/Foundation.framework; sourceTree = DEVELOPER_DIR; };
		D25E6EC4A29EBB7901DF7980 /* Debug.xcconfig */ = {isa = PBXFileReference; includeInIndex = 1; lastKnownFileType = text.xcconfig; path = Debug.xcconfig; sourceTree = "<group>"; };
		D3107E4AB0E06C4C9AFA51D2 /* OOExamples.pxproject */ = {isa = PBXFileReference; includeInIndex = 1; lastKnownFileType = text; path = OOExamples.pxproject; sourceTree = "<group>"; };
		D4C01235CCD5936A560D4314 /* AppDelegate.swift */ = {isa = PBXFileReference; includeInIndex = 1; lastKnownFileType = sourcecode.swift; path = AppDelegate.swift; sourceTree = "<group>"; };
		D6C9DE7084EC8EB049BAF9AD /* LaunchScreen.storyboard */ = {isa = PBXFileReference; includeInIndex = 1; lastKnownFileType = file.storyboard; path = LaunchScreen.storyboard; sourceTree = "<group>"; };
		DD68A14342E87C6AC8E7FB0F /* Cartfile */ = {isa = PBXFileReference; includeInIndex = 1; lastKnownFileType = text; path = Cartfile; sourceTree = "<group>"; };
		E44BAB52C7A91D14233C0701 /* Debug.xcconfig */ = {isa = PBXFileReference; includeInIndex = 1; lastKnownFileType = text.xcconfig; path = Debug.xcconfig; sourceTree = "<group>"; };
		E55006DCB86396BC8DD846F1 /* ExampleLogin.app */ = {isa = PBXFileReference; explicitFileType = wrapper.application; includeInIndex = 0; path = ExampleLogin.app; sourceTree = BUILT_PRODUCTS_DIR; };
		F5607AFD3C7337E42F3057B7 /* LICENSE */ = {isa = PBXFileReference; includeInIndex = 1; lastKnownFileType = text; path = LICENSE; sourceTree = "<group>"; };
		FC19155FF3B74994BE2EC902 /* OOUIKit.framework */ = {isa = PBXFileReference; lastKnownFileType = wrapper.framework; path = OOUIKit.framework; sourceTree = "<group>"; };
		FFEA1F84602230D275F4CCCC /* ScreenLogin.swift */ = {isa = PBXFileReference; includeInIndex = 1; lastKnownFileType = sourcecode.swift; path = ScreenLogin.swift; sourceTree = "<group>"; };
/* End PBXFileReference section */

/* Begin PBXFrameworksBuildPhase section */
		5764AD86EB1BF59ACA474FD8 /* Frameworks */ = {
			isa = PBXFrameworksBuildPhase;
			buildActionMask = 2147483647;
			files = (
				AF7DF808DA7749C73EC71249 /* Foundation.framework in Frameworks */,
				2B1224496FE47DCB437977DF /* OOBase.framework in Frameworks */,
				E66363850CDE59455588F873 /* OOFoundation.framework in Frameworks */,
				76E1988F092A25B746316DD6 /* OOUIKit.framework in Frameworks */,
				26EA4E70C128F1D62043E31B /* UIKit.framework in Frameworks */,
			);
			runOnlyForDeploymentPostprocessing = 0;
		};
		798C6B85900605B2DC5AB660 /* Frameworks */ = {
			isa = PBXFrameworksBuildPhase;
			buildActionMask = 2147483647;
			files = (
				8DC98DA1EA1D7EFC0E564356 /* Foundation.framework in Frameworks */,
				8485F3C96643F3377C4B59CD /* OOBase.framework in Frameworks */,
				4FF5959EDAA2FCAAA7292BE9 /* OOFoundation.framework in Frameworks */,
				6B440467D4336A3E2354184F /* OOUIKit.framework in Frameworks */,
				A6770228BB75481469470450 /* UIKit.framework in Frameworks */,
			);
			runOnlyForDeploymentPostprocessing = 0;
		};
/* End PBXFrameworksBuildPhase section */

/* Begin PBXGroup section */
		0730554F4311D881C14B2545 /* Products */ = {
			isa = PBXGroup;
			children = (
				4FF72E66BD045BECE46568F1 /* ExampleLegoWorld.app */,
				E55006DCB86396BC8DD846F1 /* ExampleLogin.app */,
			);
			name = Products;
			sourceTree = "<group>";
		};
		0C9DFC58A529E9BAAF6E11B9 /* _Resources */ = {
			isa = PBXGroup;
			children = (
				AF1BD9FB4A815AFE547D90AE /* Assets.xcassets */,
				7841817591A863D4AC7FFF22 /* LaunchScreen.storyboard */,
			);
			path = _Resources;
			sourceTree = "<group>";
		};
		12486A6F1D2EE0F626F770D2 /* iOS */ = {
			isa = PBXGroup;
			children = (
				7AEB167F46B3883DB4253146 /* OOBase.framework */,
				24511D64ADDCCACF2C1C66B8 /* OOFoundation.framework */,
				FC19155FF3B74994BE2EC902 /* OOUIKit.framework */,
			);
			path = iOS;
			sourceTree = "<group>";
		};
		1A86E149C1DD330D47376993 /* Build */ = {
			isa = PBXGroup;
			children = (
				12486A6F1D2EE0F626F770D2 /* iOS */,
			);
			path = Build;
			sourceTree = "<group>";
		};
		24EC51C4373225A872A99E20 /* SourcesExampleLogin */ = {
			isa = PBXGroup;
			children = (
				F989927FF5EBD3B700EBCC06 /* _Resources */,
				BCBFE759F5A5C3A56C463AF9 /* Application.swift */,
				3ED5ED459FD1EEB3A60F30A3 /* Screens */,
				B9FBDDA0297E6CB6F0AE0028 /* Views */,
			);
			path = SourcesExampleLogin;
			sourceTree = "<group>";
		};
		287AFC1423A2E2A1118D82DF /* Project */ = {
			isa = PBXGroup;
			children = (
				E44BAB52C7A91D14233C0701 /* Debug.xcconfig */,
				016EE0FDDFA6C53942B0D800 /* Release.xcconfig */,
			);
			path = Project;
			sourceTree = "<group>";
		};
		3ED5ED459FD1EEB3A60F30A3 /* Screens */ = {
			isa = PBXGroup;
			children = (
				FFEA1F84602230D275F4CCCC /* ScreenLogin.swift */,
				903A55495A2C3BC89A1B5349 /* ScreenWelcome.swift */,
			);
			path = Screens;
			sourceTree = "<group>";
		};
		4FFFA2ACDD8ED4BD04522B8E /* Frameworks */ = {
			isa = PBXGroup;
			children = (
				56C9DE439A90620C3FEEA077 /* iOS */,
			);
			name = Frameworks;
			sourceTree = "<group>";
		};
		50CD1ABF3EEA598D6568B8B3 /* Carthage */ = {
			isa = PBXGroup;
			children = (
				1A86E149C1DD330D47376993 /* Build */,
			);
			path = Carthage;
			sourceTree = "<group>";
		};
		56C9DE439A90620C3FEEA077 /* iOS */ = {
			isa = PBXGroup;
			children = (
				C740E669DF5CCF7BA2AC4433 /* Foundation.framework */,
				785AB9F92CD51D844AFC7CA3 /* UIKit.framework */,
			);
			name = iOS;
			sourceTree = "<group>";
		};
		5C7A6C36A868F3D2D2A17724 /* Views */ = {
			isa = PBXGroup;
			children = (
				6DA0E85732A2981059E6BC33 /* ViewBorderedButton.swift */,
			);
			path = Views;
			sourceTree = "<group>";
		};
		5F7D091DF7C7BC5238DA92B2 /* . */ = {
			isa = PBXGroup;
			children = (
				140E10B8985E6E38EB37CE71 /* .gitignore */,
				DD68A14342E87C6AC8E7FB0F /* Cartfile */,
				894FE0EA296C4E8BA867A9C2 /* Cartfile.resolved */,
				F5607AFD3C7337E42F3057B7 /* LICENSE */,
				B04B23A98A77D5843DD89BC1 /* Makefile */,
				D3107E4AB0E06C4C9AFA51D2 /* OOExamples.pxproject */,
				A021FDE35A5D24DC5E4EC8F6 /* README.md */,
			);
			path = .;
			sourceTree = "<group>";
		};
		62E605A6D849B4AA4C7405D8 = {
			isa = PBXGroup;
			children = (
				5F7D091DF7C7BC5238DA92B2 /* . */,
				50CD1ABF3EEA598D6568B8B3 /* Carthage */,
				9F2A09C4C803B3181EE51AAA /* Configuration */,
				4FFFA2ACDD8ED4BD04522B8E /* Frameworks */,
				0730554F4311D881C14B2545 /* Products */,
				78FEB3658409D5B680204918 /* SourcesExampleLegoWorld */,
				24EC51C4373225A872A99E20 /* SourcesExampleLogin */,
			);
			sourceTree = "<group>";
		};
		78FEB3658409D5B680204918 /* SourcesExampleLegoWorld */ = {
			isa = PBXGroup;
			children = (
				0C9DFC58A529E9BAAF6E11B9 /* _Resources */,
				D4C01235CCD5936A560D4314 /* AppDelegate.swift */,
				0189ED7C99FCF2423FA149F0 /* ScreenFlow.swift */,
				5C7A6C36A868F3D2D2A17724 /* Views */,
			);
			path = SourcesExampleLegoWorld;
			sourceTree = "<group>";
		};
		847385608AE9A165A4DF53B5 /* ExampleLogin */ = {
			isa = PBXGroup;
			children = (
				D25E6EC4A29EBB7901DF7980 /* Debug.xcconfig */,
				A5045577FB22C45CAABB62FA /* Info.plist */,
				2A1327763D00EB311CD4FF05 /* Release.xcconfig */,
			);
			path = ExampleLogin;
			sourceTree = "<group>";
		};
		9B520D7699A21FE3E9F3FD76 /* ExampleLegoWorld */ = {
			isa = PBXGroup;
			children = (
				9CFDDC3A7087C0D3748D032D /* Debug.xcconfig */,
				30FA49199F854F9752EBF88D /* Info.plist */,
				1F16FCB8789582A54BA6BAE7 /* Release.xcconfig */,
			);
			path = ExampleLegoWorld;
			sourceTree = "<group>";
		};
		9F2A09C4C803B3181EE51AAA /* Configuration */ = {
			isa = PBXGroup;
			children = (
				9B520D7699A21FE3E9F3FD76 /* ExampleLegoWorld */,
				847385608AE9A165A4DF53B5 /* ExampleLogin */,
				287AFC1423A2E2A1118D82DF /* Project */,
			);
			path = Configuration;
			sourceTree = "<group>";
		};
		B9FBDDA0297E6CB6F0AE0028 /* Views */ = {
			isa = PBXGroup;
			children = (
				A4B7577647073E1F143876EF /* ViewBorderedArea.swift */,
			);
			path = Views;
			sourceTree = "<group>";
		};
		F989927FF5EBD3B700EBCC06 /* _Resources */ = {
			isa = PBXGroup;
			children = (
				2E9B7CD6563221BEECEA54DA /* Assets.xcassets */,
				D6C9DE7084EC8EB049BAF9AD /* LaunchScreen.storyboard */,
			);
			path = _Resources;
			sourceTree = "<group>";
		};
/* End PBXGroup section */

/* Begin PBXNativeTarget section */
		A17AD4A4EB682AB788290161 /* ExampleLegoWorld */ = {
			isa = PBXNativeTarget;
			buildConfigurationList = DB364BA64B568ED0CA0E5E21 /* Build configuration list for PBXNativeTarget "ExampleLegoWorld" */;
			buildPhases = (
				B086DE2F6CC58870941886F2 /* Sources */,
				5764AD86EB1BF59ACA474FD8 /* Frameworks */,
				CFEAB3407ED145F4EE563B0C /* Embed Frameworks */,
				058AE4351CD504A272B70D0C /* Resources */,
			);
			buildRules = (
			);
			dependencies = (
			);
			name = ExampleLegoWorld;
			productName = ExampleLegoWorld;
			productReference = 4FF72E66BD045BECE46568F1 /* ExampleLegoWorld.app */;
			productType = "com.apple.product-type.application";
		};
		E87D13E1A350AB860C642F89 /* ExampleLogin */ = {
			isa = PBXNativeTarget;
			buildConfigurationList = 0C27D5796D0CC6181C5CA7B6 /* Build configuration list for PBXNativeTarget "ExampleLogin" */;
			buildPhases = (
				4CE801329D99E3CBF3CAF65E /* Sources */,
				798C6B85900605B2DC5AB660 /* Frameworks */,
				20824A766029EFD8B25D1BC8 /* Embed Frameworks */,
				F8D8CF80DAAADE20619C7C2B /* Resources */,
			);
			buildRules = (
			);
			dependencies = (
			);
			name = ExampleLogin;
			productName = ExampleLogin;
			productReference = E55006DCB86396BC8DD846F1 /* ExampleLogin.app */;
			productType = "com.apple.product-type.application";
		};
/* End PBXNativeTarget section */

/* Begin PBXProject section */
		2EE042C1CECC0818D8DF807D /* Project object */ = {
			isa = PBXProject;
			attributes = {
				LastSwiftUpdateCheck = 0830;
				LastUpgradeCheck = 1020;
				TargetAttributes = {
					A17AD4A4EB682AB788290161 = {
						ProvisioningStyle = Automatic;
					};
					E87D13E1A350AB860C642F89 = {
						LastSwiftMigration = 1020;
						ProvisioningStyle = Automatic;
					};
				};
			};
			buildConfigurationList = 8363A16E0364EBA8AD4F4B6B /* Build configuration list for PBXProject "OOExamples" */;
			compatibilityVersion = "Xcode 3.2";
			developmentRegion = en;
			hasScannedForEncodings = 0;
			knownRegions = (
				en,
				Base,
			);
			mainGroup = 62E605A6D849B4AA4C7405D8;
			productRefGroup = 0730554F4311D881C14B2545 /* Products */;
			projectDirPath = "";
			projectRoot = "";
			targets = (
				A17AD4A4EB682AB788290161 /* ExampleLegoWorld */,
				E87D13E1A350AB860C642F89 /* ExampleLogin */,
			);
		};
/* End PBXProject section */

/* Begin PBXResourcesBuildPhase section */
		058AE4351CD504A272B70D0C /* Resources */ = {
			isa = PBXResourcesBuildPhase;
			buildActionMask = 2147483647;
			files = (
				7DC9FC0A8C3EAEB81248DD88 /* Assets.xcassets in Resources */,
				A0E26DDCC2720E5215B8EF58 /* LaunchScreen.storyboard in Resources */,
			);
			runOnlyForDeploymentPostprocessing = 0;
		};
		F8D8CF80DAAADE20619C7C2B /* Resources */ = {
			isa = PBXResourcesBuildPhase;
			buildActionMask = 2147483647;
			files = (
				9AB1564A04AC3390FF5A4A39 /* Assets.xcassets in Resources */,
				B0634E3F26211CC8F9E5C000 /* LaunchScreen.storyboard in Resources */,
			);
			runOnlyForDeploymentPostprocessing = 0;
		};
/* End PBXResourcesBuildPhase section */

/* Begin PBXSourcesBuildPhase section */
		4CE801329D99E3CBF3CAF65E /* Sources */ = {
			isa = PBXSourcesBuildPhase;
			buildActionMask = 2147483647;
			files = (
				B6992DD727AF4979455F3E09 /* Application.swift in Sources */,
				15A61150ADEB15AFDFA16552 /* ScreenLogin.swift in Sources */,
				583DF7A54FE35B882C38B137 /* ScreenWelcome.swift in Sources */,
				FED35B5444D41E141967A850 /* ViewBorderedArea.swift in Sources */,
			);
			runOnlyForDeploymentPostprocessing = 0;
		};
		B086DE2F6CC58870941886F2 /* Sources */ = {
			isa = PBXSourcesBuildPhase;
			buildActionMask = 2147483647;
			files = (
				DA16100AE456F8C31C640932 /* AppDelegate.swift in Sources */,
				F73F9529237330806E2D7120 /* ScreenFlow.swift in Sources */,
				2715030310465F458D1F81CF /* ViewBorderedButton.swift in Sources */,
			);
			runOnlyForDeploymentPostprocessing = 0;
		};
/* End PBXSourcesBuildPhase section */

/* Begin XCBuildConfiguration section */
		39E8FB8FCA6098D1B89E48C3 /* Release */ = {
			isa = XCBuildConfiguration;
			baseConfigurationReference = 2A1327763D00EB311CD4FF05 /* Release.xcconfig */;
			buildSettings = {
			};
			name = Release;
		};
		53C43B5F38801439D38C7BDF /* Release */ = {
			isa = XCBuildConfiguration;
			baseConfigurationReference = 1F16FCB8789582A54BA6BAE7 /* Release.xcconfig */;
			buildSettings = {
			};
			name = Release;
		};
		6DEDEE1E2E719CF5B0181EF2 /* Release */ = {
			isa = XCBuildConfiguration;
			baseConfigurationReference = 016EE0FDDFA6C53942B0D800 /* Release.xcconfig */;
			buildSettings = {
			};
			name = Release;
		};
		85A9CE3FC9095D64CCF79A13 /* Debug */ = {
			isa = XCBuildConfiguration;
			baseConfigurationReference = 9CFDDC3A7087C0D3748D032D /* Debug.xcconfig */;
			buildSettings = {
			};
			name = Debug;
		};
		9CBF02F51B7A8460E1BD8178 /* Debug */ = {
			isa = XCBuildConfiguration;
			baseConfigurationReference = E44BAB52C7A91D14233C0701 /* Debug.xcconfig */;
			buildSettings = {
			};
			name = Debug;
		};
		CCF8D8C86D1AF5E31AD75C3D /* Debug */ = {
			isa = XCBuildConfiguration;
			baseConfigurationReference = D25E6EC4A29EBB7901DF7980 /* Debug.xcconfig */;
			buildSettings = {
			};
			name = Debug;
		};
/* End XCBuildConfiguration section */

/* Begin XCConfigurationList section */
		0C27D5796D0CC6181C5CA7B6 /* Build configuration list for PBXNativeTarget "ExampleLogin" */ = {
			isa = XCConfigurationList;
			buildConfigurations = (
				39E8FB8FCA6098D1B89E48C3 /* Release */,
				CCF8D8C86D1AF5E31AD75C3D /* Debug */,
			);
			defaultConfigurationIsVisible = 0;
			defaultConfigurationName = Release;
		};
		8363A16E0364EBA8AD4F4B6B /* Build configuration list for PBXProject "OOExamples" */ = {
			isa = XCConfigurationList;
			buildConfigurations = (
				9CBF02F51B7A8460E1BD8178 /* Debug */,
				6DEDEE1E2E719CF5B0181EF2 /* Release */,
			);
			defaultConfigurationIsVisible = 0;
			defaultConfigurationName = Release;
		};
		DB364BA64B568ED0CA0E5E21 /* Build configuration list for PBXNativeTarget "ExampleLegoWorld" */ = {
			isa = XCConfigurationList;
			buildConfigurations = (
				53C43B5F38801439D38C7BDF /* Release */,
				85A9CE3FC9095D64CCF79A13 /* Debug */,
			);
			defaultConfigurationIsVisible = 0;
			defaultConfigurationName = Release;
		};
/* End XCConfigurationList section */
	};
	rootObject = 2EE042C1CECC0818D8DF807D /* Project object */;
}
