// !$*UTF8*$!
{
	archiveVersion = 1;
	classes = {
	};
	objectVersion = 46;
	objects = {

/* Begin PBXBuildFile section */
		188A617D12BF1C1950BAA3C9 /* ScreenLogin.swift in Sources */ = {isa = PBXBuildFile; fileRef = 9446F26EEAA2C6E2DFEABD6E /* ScreenLogin.swift */; };
		20BC5B9C7B90E349CC63ABDB /* Assets.xcassets in Resources */ = {isa = PBXBuildFile; fileRef = 313AF941118524C0EAC20696 /* Assets.xcassets */; };
		22A89E60DE2E5502947DA28A /* OOBase.framework in Embed Frameworks */ = {isa = PBXBuildFile; fileRef = 007AE3BC9A15501434FCD761 /* OOBase.framework */; settings = {ATTRIBUTES = (CodeSignOnCopy, ); }; };
		412D23EACC35D156ABA063D9 /* OOUIKit.framework in Embed Frameworks */ = {isa = PBXBuildFile; fileRef = 5B3610FD2991D96B535B9064 /* OOUIKit.framework */; settings = {ATTRIBUTES = (CodeSignOnCopy, ); }; };
		43DF41EB3DC51BB4D6CAD601 /* LaunchScreen.storyboard in Resources */ = {isa = PBXBuildFile; fileRef = 79F9ACE08516BD1924B816DB /* LaunchScreen.storyboard */; };
		466111A779EC3863048857CB /* AppDelegate.swift in Sources */ = {isa = PBXBuildFile; fileRef = 4A1D5FCBA149538E32F6315A /* AppDelegate.swift */; };
		59BECA89AF86310818146EA0 /* OOBase.framework in Frameworks */ = {isa = PBXBuildFile; fileRef = 007AE3BC9A15501434FCD761 /* OOBase.framework */; };
		810D7E442FDB4B43895C898F /* ViewBorderedArea.swift in Sources */ = {isa = PBXBuildFile; fileRef = 57C80833ED23A1CD9F3941C5 /* ViewBorderedArea.swift */; };
		94C236D445E8D21E539B046D /* ScreenWelcome.swift in Sources */ = {isa = PBXBuildFile; fileRef = A074CC173011C23BE0FED0F1 /* ScreenWelcome.swift */; };
		987E84190A938ADAC46D9854 /* OOFoundation.framework in Embed Frameworks */ = {isa = PBXBuildFile; fileRef = A79FFF8C2937A272F733F3E5 /* OOFoundation.framework */; settings = {ATTRIBUTES = (CodeSignOnCopy, ); }; };
		A2DC36A9B446AC433E2AF5D5 /* OOFoundation.framework in Frameworks */ = {isa = PBXBuildFile; fileRef = A79FFF8C2937A272F733F3E5 /* OOFoundation.framework */; };
		B684342DCAC8B029794AA55B /* OOUIKit.framework in Frameworks */ = {isa = PBXBuildFile; fileRef = 5B3610FD2991D96B535B9064 /* OOUIKit.framework */; };
		C3D773A1D7CC13A470702AFA /* UIKit.framework in Frameworks */ = {isa = PBXBuildFile; fileRef = C2BC1645624B60FFF1F235B9 /* UIKit.framework */; };
		E12E95FEE5ED822BAACA1504 /* ScreenFlow.swift in Sources */ = {isa = PBXBuildFile; fileRef = 1587A7B5878675DB042420B8 /* ScreenFlow.swift */; };
		EDEC96C69A59D7BCF376AA77 /* Foundation.framework in Frameworks */ = {isa = PBXBuildFile; fileRef = C3E066D66B059335C0265C92 /* Foundation.framework */; };
/* End PBXBuildFile section */

/* Begin PBXCopyFilesBuildPhase section */
		C5798CC5A8506D28DDAA00B9 /* Embed Frameworks */ = {
			isa = PBXCopyFilesBuildPhase;
			buildActionMask = 2147483647;
			dstPath = "";
			dstSubfolderSpec = 10;
			files = (
				22A89E60DE2E5502947DA28A /* OOBase.framework in Embed Frameworks */,
				987E84190A938ADAC46D9854 /* OOFoundation.framework in Embed Frameworks */,
				412D23EACC35D156ABA063D9 /* OOUIKit.framework in Embed Frameworks */,
			);
			name = "Embed Frameworks";
			runOnlyForDeploymentPostprocessing = 0;
		};
/* End PBXCopyFilesBuildPhase section */

/* Begin PBXFileReference section */
		007AE3BC9A15501434FCD761 /* OOBase.framework */ = {isa = PBXFileReference; lastKnownFileType = wrapper.framework; path = OOBase.framework; sourceTree = "<group>"; };
		0854AEC664CC51202A075A59 /* Cartfile */ = {isa = PBXFileReference; includeInIndex = 1; path = Cartfile; sourceTree = "<group>"; };
		137F24C11CCBAFAAA6843645 /* LoginExample.app */ = {isa = PBXFileReference; explicitFileType = wrapper.application; includeInIndex = 0; path = LoginExample.app; sourceTree = BUILT_PRODUCTS_DIR; };
		1587A7B5878675DB042420B8 /* ScreenFlow.swift */ = {isa = PBXFileReference; includeInIndex = 1; lastKnownFileType = sourcecode.swift; path = ScreenFlow.swift; sourceTree = "<group>"; };
		189A2C47957E2E3982361545 /* Release.xcconfig */ = {isa = PBXFileReference; includeInIndex = 1; lastKnownFileType = text.xcconfig; path = Release.xcconfig; sourceTree = "<group>"; };
		313AF941118524C0EAC20696 /* Assets.xcassets */ = {isa = PBXFileReference; includeInIndex = 1; lastKnownFileType = folder.assetcatalog; path = Assets.xcassets; sourceTree = "<group>"; };
		377BFFCD2DFF01F044CBB79B /* Release.xcconfig */ = {isa = PBXFileReference; includeInIndex = 1; lastKnownFileType = text.xcconfig; path = Release.xcconfig; sourceTree = "<group>"; };
		4A1D5FCBA149538E32F6315A /* AppDelegate.swift */ = {isa = PBXFileReference; includeInIndex = 1; lastKnownFileType = sourcecode.swift; path = AppDelegate.swift; sourceTree = "<group>"; };
		57C80833ED23A1CD9F3941C5 /* ViewBorderedArea.swift */ = {isa = PBXFileReference; includeInIndex = 1; lastKnownFileType = sourcecode.swift; path = ViewBorderedArea.swift; sourceTree = "<group>"; };
		5B3610FD2991D96B535B9064 /* OOUIKit.framework */ = {isa = PBXFileReference; lastKnownFileType = wrapper.framework; path = OOUIKit.framework; sourceTree = "<group>"; };
		75575D6B405D43F84A742DB9 /* .gitignore */ = {isa = PBXFileReference; includeInIndex = 1; path = .gitignore; sourceTree = "<group>"; };
		79F9ACE08516BD1924B816DB /* LaunchScreen.storyboard */ = {isa = PBXFileReference; includeInIndex = 1; lastKnownFileType = file.storyboard; path = LaunchScreen.storyboard; sourceTree = "<group>"; };
		9446F26EEAA2C6E2DFEABD6E /* ScreenLogin.swift */ = {isa = PBXFileReference; includeInIndex = 1; lastKnownFileType = sourcecode.swift; path = ScreenLogin.swift; sourceTree = "<group>"; };
		99E071753DC88229C5D17DEA /* OOExamples.pxproject */ = {isa = PBXFileReference; includeInIndex = 1; path = OOExamples.pxproject; sourceTree = "<group>"; };
		A074CC173011C23BE0FED0F1 /* ScreenWelcome.swift */ = {isa = PBXFileReference; includeInIndex = 1; lastKnownFileType = sourcecode.swift; path = ScreenWelcome.swift; sourceTree = "<group>"; };
		A79FFF8C2937A272F733F3E5 /* OOFoundation.framework */ = {isa = PBXFileReference; lastKnownFileType = wrapper.framework; path = OOFoundation.framework; sourceTree = "<group>"; };
		AFF7B6637B2BF9AB65C957A2 /* LICENSE */ = {isa = PBXFileReference; includeInIndex = 1; path = LICENSE; sourceTree = "<group>"; };
		B80B08D6E4AEE649FC2CFFB9 /* README.md */ = {isa = PBXFileReference; includeInIndex = 1; path = README.md; sourceTree = "<group>"; };
		C00BA17527A365D31A3E4CB7 /* Cartfile.resolved */ = {isa = PBXFileReference; includeInIndex = 1; path = Cartfile.resolved; sourceTree = "<group>"; };
		C2BC1645624B60FFF1F235B9 /* UIKit.framework */ = {isa = PBXFileReference; lastKnownFileType = wrapper.framework; name = UIKit.framework; path = Platforms/iPhoneOS.platform/Developer/SDKs/iPhoneOS10.3.sdk/System/Library/Frameworks/UIKit.framework; sourceTree = DEVELOPER_DIR; };
		C3E066D66B059335C0265C92 /* Foundation.framework */ = {isa = PBXFileReference; lastKnownFileType = wrapper.framework; name = Foundation.framework; path = Platforms/iPhoneOS.platform/Developer/SDKs/iPhoneOS10.3.sdk/System/Library/Frameworks/Foundation.framework; sourceTree = DEVELOPER_DIR; };
		CD66EEF3D4354ADCBC4D4482 /* Makefile */ = {isa = PBXFileReference; includeInIndex = 1; path = Makefile; sourceTree = "<group>"; };
		EDC1078F8BA2B704509B37A8 /* Debug.xcconfig */ = {isa = PBXFileReference; includeInIndex = 1; lastKnownFileType = text.xcconfig; path = Debug.xcconfig; sourceTree = "<group>"; };
		F6D6B59E30B5302AE8233403 /* Debug.xcconfig */ = {isa = PBXFileReference; includeInIndex = 1; lastKnownFileType = text.xcconfig; path = Debug.xcconfig; sourceTree = "<group>"; };
		FF72F3CCA84BE850EF45F9F2 /* Info.plist */ = {isa = PBXFileReference; includeInIndex = 1; lastKnownFileType = text.plist.xml; path = Info.plist; sourceTree = "<group>"; };
/* End PBXFileReference section */

/* Begin PBXFrameworksBuildPhase section */
		4162C725200E13E86B72CB6E /* Frameworks */ = {
			isa = PBXFrameworksBuildPhase;
			buildActionMask = 2147483647;
			files = (
				EDEC96C69A59D7BCF376AA77 /* Foundation.framework in Frameworks */,
				59BECA89AF86310818146EA0 /* OOBase.framework in Frameworks */,
				A2DC36A9B446AC433E2AF5D5 /* OOFoundation.framework in Frameworks */,
				B684342DCAC8B029794AA55B /* OOUIKit.framework in Frameworks */,
				C3D773A1D7CC13A470702AFA /* UIKit.framework in Frameworks */,
			);
			runOnlyForDeploymentPostprocessing = 0;
		};
/* End PBXFrameworksBuildPhase section */

/* Begin PBXGroup section */
		0D241FFBC8D0AB69887DBF61 /* Project */ = {
			isa = PBXGroup;
			children = (
				F6D6B59E30B5302AE8233403 /* Debug.xcconfig */,
				189A2C47957E2E3982361545 /* Release.xcconfig */,
			);
			name = Project;
			path = Project;
			sourceTree = "<group>";
		};
		1BF62A3F3136A20299933ACC = {
			isa = PBXGroup;
			children = (
				9C3D5C3F523B76374029D6F2 /* . */,
				790C22E753BE0DAC5FC4F878 /* Carthage */,
				B120719180C4B342FF9768F0 /* Configuration */,
				E3FB599ED60D126B2DBA5513 /* Frameworks */,
				B4DF9C200910B2EBF2F90C83 /* Products */,
				9D8E5BC3916FD4153DAA491C /* SourcesExampleLogin */,
			);
			sourceTree = "<group>";
		};
		2153165B93B6EA343B4057C7 /* iOS */ = {
			isa = PBXGroup;
			children = (
				007AE3BC9A15501434FCD761 /* OOBase.framework */,
				A79FFF8C2937A272F733F3E5 /* OOFoundation.framework */,
				5B3610FD2991D96B535B9064 /* OOUIKit.framework */,
			);
			name = iOS;
			path = iOS;
			sourceTree = "<group>";
		};
		42DD53DB265F88FA081172FE /* Screens */ = {
			isa = PBXGroup;
			children = (
				9446F26EEAA2C6E2DFEABD6E /* ScreenLogin.swift */,
				A074CC173011C23BE0FED0F1 /* ScreenWelcome.swift */,
			);
			name = Screens;
			path = Screens;
			sourceTree = "<group>";
		};
		44FC28738A175EE3337E0B4C /* iOS */ = {
			isa = PBXGroup;
			children = (
				C3E066D66B059335C0265C92 /* Foundation.framework */,
				C2BC1645624B60FFF1F235B9 /* UIKit.framework */,
			);
			name = iOS;
			sourceTree = "<group>";
		};
		790C22E753BE0DAC5FC4F878 /* Carthage */ = {
			isa = PBXGroup;
			children = (
				9F1BCE29DC1118078678CD7D /* Build */,
			);
			name = Carthage;
			path = Carthage;
			sourceTree = "<group>";
		};
		86C90116D054E363D6846125 /* _Resources */ = {
			isa = PBXGroup;
			children = (
				313AF941118524C0EAC20696 /* Assets.xcassets */,
				79F9ACE08516BD1924B816DB /* LaunchScreen.storyboard */,
			);
			name = _Resources;
			path = _Resources;
			sourceTree = "<group>";
		};
		896E3B72A9C0FBA59CAC75AC /* ExampleLogin */ = {
			isa = PBXGroup;
			children = (
				EDC1078F8BA2B704509B37A8 /* Debug.xcconfig */,
				FF72F3CCA84BE850EF45F9F2 /* Info.plist */,
				377BFFCD2DFF01F044CBB79B /* Release.xcconfig */,
			);
			name = ExampleLogin;
			path = ExampleLogin;
			sourceTree = "<group>";
		};
		9C3D5C3F523B76374029D6F2 /* . */ = {
			isa = PBXGroup;
			children = (
				75575D6B405D43F84A742DB9 /* .gitignore */,
				0854AEC664CC51202A075A59 /* Cartfile */,
				C00BA17527A365D31A3E4CB7 /* Cartfile.resolved */,
				AFF7B6637B2BF9AB65C957A2 /* LICENSE */,
				CD66EEF3D4354ADCBC4D4482 /* Makefile */,
				99E071753DC88229C5D17DEA /* OOExamples.pxproject */,
				B80B08D6E4AEE649FC2CFFB9 /* README.md */,
			);
			name = .;
			path = .;
			sourceTree = "<group>";
		};
		9D8E5BC3916FD4153DAA491C /* SourcesExampleLogin */ = {
			isa = PBXGroup;
			children = (
				86C90116D054E363D6846125 /* _Resources */,
				4A1D5FCBA149538E32F6315A /* AppDelegate.swift */,
				1587A7B5878675DB042420B8 /* ScreenFlow.swift */,
				42DD53DB265F88FA081172FE /* Screens */,
				E6E07B6B0A6B4AEBFA9E55C7 /* Views */,
			);
			name = SourcesExampleLogin;
			path = SourcesExampleLogin;
			sourceTree = "<group>";
		};
		9F1BCE29DC1118078678CD7D /* Build */ = {
			isa = PBXGroup;
			children = (
				2153165B93B6EA343B4057C7 /* iOS */,
			);
			name = Build;
			path = Build;
			sourceTree = "<group>";
		};
		B120719180C4B342FF9768F0 /* Configuration */ = {
			isa = PBXGroup;
			children = (
				896E3B72A9C0FBA59CAC75AC /* ExampleLogin */,
				0D241FFBC8D0AB69887DBF61 /* Project */,
			);
			name = Configuration;
			path = Configuration;
			sourceTree = "<group>";
		};
		B4DF9C200910B2EBF2F90C83 /* Products */ = {
			isa = PBXGroup;
			children = (
				137F24C11CCBAFAAA6843645 /* LoginExample.app */,
			);
			name = Products;
			sourceTree = "<group>";
		};
		E3FB599ED60D126B2DBA5513 /* Frameworks */ = {
			isa = PBXGroup;
			children = (
				44FC28738A175EE3337E0B4C /* iOS */,
			);
			name = Frameworks;
			sourceTree = "<group>";
		};
		E6E07B6B0A6B4AEBFA9E55C7 /* Views */ = {
			isa = PBXGroup;
			children = (
				57C80833ED23A1CD9F3941C5 /* ViewBorderedArea.swift */,
			);
			name = Views;
			path = Views;
			sourceTree = "<group>";
		};
/* End PBXGroup section */

/* Begin PBXNativeTarget section */
		CFFA489CFDB5C1A0AE64A9D8 /* LoginExample */ = {
			isa = PBXNativeTarget;
			buildConfigurationList = DF6F226AB5DCAF2A67669607 /* Build configuration list for PBXNativeTarget "LoginExample" */;
			buildPhases = (
				7D121D3A0EE06DCAA8C99E98 /* Sources */,
				4162C725200E13E86B72CB6E /* Frameworks */,
				C5798CC5A8506D28DDAA00B9 /* Embed Frameworks */,
				426651B78C780F055443EE03 /* Resources */,
			);
			buildRules = (
			);
			dependencies = (
			);
			name = LoginExample;
			productName = LoginExample;
			productReference = 137F24C11CCBAFAAA6843645 /* LoginExample.app */;
			productType = "com.apple.product-type.application";
		};
/* End PBXNativeTarget section */

/* Begin PBXProject section */
		F5E416B5D47D6084329793A9 /* Project object */ = {
			isa = PBXProject;
			attributes = {
				LastSwiftUpdateCheck = 0830;
				LastUpgradeCheck = 0700;
			};
			buildConfigurationList = 7203999358A65D063AC00F0D /* Build configuration list for PBXProject "OOExamples" */;
			compatibilityVersion = "Xcode 3.2";
			developmentRegion = English;
			hasScannedForEncodings = 0;
			knownRegions = (
				en,
			);
			mainGroup = 1BF62A3F3136A20299933ACC;
			productRefGroup = B4DF9C200910B2EBF2F90C83 /* Products */;
			projectDirPath = "";
			projectRoot = "";
			targets = (
				CFFA489CFDB5C1A0AE64A9D8 /* LoginExample */,
			);
		};
/* End PBXProject section */

/* Begin PBXResourcesBuildPhase section */
		426651B78C780F055443EE03 /* Resources */ = {
			isa = PBXResourcesBuildPhase;
			buildActionMask = 2147483647;
			files = (
				20BC5B9C7B90E349CC63ABDB /* Assets.xcassets in Resources */,
				43DF41EB3DC51BB4D6CAD601 /* LaunchScreen.storyboard in Resources */,
			);
			runOnlyForDeploymentPostprocessing = 0;
		};
/* End PBXResourcesBuildPhase section */

/* Begin PBXSourcesBuildPhase section */
		7D121D3A0EE06DCAA8C99E98 /* Sources */ = {
			isa = PBXSourcesBuildPhase;
			buildActionMask = 2147483647;
			files = (
				466111A779EC3863048857CB /* AppDelegate.swift in Sources */,
				E12E95FEE5ED822BAACA1504 /* ScreenFlow.swift in Sources */,
				188A617D12BF1C1950BAA3C9 /* ScreenLogin.swift in Sources */,
				94C236D445E8D21E539B046D /* ScreenWelcome.swift in Sources */,
				810D7E442FDB4B43895C898F /* ViewBorderedArea.swift in Sources */,
			);
			runOnlyForDeploymentPostprocessing = 0;
		};
/* End PBXSourcesBuildPhase section */

/* Begin XCBuildConfiguration section */
		11A344D66C4345D57A9C92D9 /* Release */ = {
			isa = XCBuildConfiguration;
			baseConfigurationReference = 377BFFCD2DFF01F044CBB79B /* Release.xcconfig */;
			buildSettings = {
			};
			name = Release;
		};
		81E904C350ADEA5DC756623E /* Debug */ = {
			isa = XCBuildConfiguration;
			baseConfigurationReference = EDC1078F8BA2B704509B37A8 /* Debug.xcconfig */;
			buildSettings = {
			};
			name = Debug;
		};
		83B59AB09E39A67A12358F9D /* Release */ = {
			isa = XCBuildConfiguration;
			baseConfigurationReference = 189A2C47957E2E3982361545 /* Release.xcconfig */;
			buildSettings = {
			};
			name = Release;
		};
		A3106457F93C2269EBE2D111 /* Debug */ = {
			isa = XCBuildConfiguration;
			baseConfigurationReference = F6D6B59E30B5302AE8233403 /* Debug.xcconfig */;
			buildSettings = {
			};
			name = Debug;
		};
/* End XCBuildConfiguration section */

/* Begin XCConfigurationList section */
		7203999358A65D063AC00F0D /* Build configuration list for PBXProject "OOExamples" */ = {
			isa = XCConfigurationList;
			buildConfigurations = (
				A3106457F93C2269EBE2D111 /* Debug */,
				83B59AB09E39A67A12358F9D /* Release */,
			);
			defaultConfigurationIsVisible = 0;
			defaultConfigurationName = Release;
		};
		DF6F226AB5DCAF2A67669607 /* Build configuration list for PBXNativeTarget "LoginExample" */ = {
			isa = XCConfigurationList;
			buildConfigurations = (
				11A344D66C4345D57A9C92D9 /* Release */,
				81E904C350ADEA5DC756623E /* Debug */,
			);
			defaultConfigurationIsVisible = 0;
			defaultConfigurationName = Release;
		};
/* End XCConfigurationList section */
	};
	rootObject = F5E416B5D47D6084329793A9 /* Project object */;
}
